
Microsoft Visual Studio Solution File, Format Version 12.00
# Visual Studio Version 17
VisualStudioVersion = 17.5.33502.453
MinimumVisualStudioVersion = 10.0.40219.1
Project("{9A19103F-16F7-4668-BE54-9A1E7A4F7556}") = "SimpleChat", "SimpleChat\SimpleChat.csproj", "{A5E1B44A-3EDA-4667-A5A3-7BB40A115824}"
EndProject
Project("{9A19103F-16F7-4668-BE54-9A1E7A4F7556}") = "SimpleChatService", "SImpleChatService\SimpleChatService.csproj", "{63E0EFAD-773B-4DA7-9FB7-B0120905769C}"
EndProject
Project("{9A19103F-16F7-4668-BE54-9A1E7A4F7556}") = "SimpleChatClient", "SimpleChatClient\SimpleChatClient.csproj", "{B1DC7C0D-22FA-49D4-A066-F76C67B41C9E}"
EndProject
Project("{FAE04EC0-301F-11D3-BF4B-00C04F79EFBC}") = "SimpleChatConsole", "SimpleChatConsole\SimpleChatConsole.csproj", "{1770662B-8B62-4DE9-AB67-B50883F13D69}"
EndProject
Project("{2150E333-8FDC-42A3-9474-1A3956D46DE8}") = "SignalR", "SignalR", "{CDD29C0B-F3F0-4D9E-BBCC-4C022B3A2259}"
EndProject
Global
	GlobalSection(SolutionConfigurationPlatforms) = preSolution
		Debug|Any CPU = Debug|Any CPU
		Release|Any CPU = Release|Any CPU
	EndGlobalSection
	GlobalSection(ProjectConfigurationPlatforms) = postSolution
		{A5E1B44A-3EDA-4667-A5A3-7BB40A115824}.Debug|Any CPU.ActiveCfg = Debug|Any CPU
		{A5E1B44A-3EDA-4667-A5A3-7BB40A115824}.Debug|Any CPU.Build.0 = Debug|Any CPU
		{A5E1B44A-3EDA-4667-A5A3-7BB40A115824}.Release|Any CPU.ActiveCfg = Release|Any CPU
		{A5E1B44A-3EDA-4667-A5A3-7BB40A115824}.Release|Any CPU.Build.0 = Release|Any CPU
		{63E0EFAD-773B-4DA7-9FB7-B0120905769C}.Debug|Any CPU.ActiveCfg = Debug|Any CPU
		{63E0EFAD-773B-4DA7-9FB7-B0120905769C}.Debug|Any CPU.Build.0 = Debug|Any CPU
		{63E0EFAD-773B-4DA7-9FB7-B0120905769C}.Release|Any CPU.ActiveCfg = Release|Any CPU
		{63E0EFAD-773B-4DA7-9FB7-B0120905769C}.Release|Any CPU.Build.0 = Release|Any CPU
		{B1DC7C0D-22FA-49D4-A066-F76C67B41C9E}.Debug|Any CPU.ActiveCfg = Debug|Any CPU
		{B1DC7C0D-22FA-49D4-A066-F76C67B41C9E}.Debug|Any CPU.Build.0 = Debug|Any CPU
		{B1DC7C0D-22FA-49D4-A066-F76C67B41C9E}.Release|Any CPU.ActiveCfg = Release|Any CPU
		{B1DC7C0D-22FA-49D4-A066-F76C67B41C9E}.Release|Any CPU.Build.0 = Release|Any CPU
		{1770662B-8B62-4DE9-AB67-B50883F13D69}.Debug|Any CPU.ActiveCfg = Debug|Any CPU
		{1770662B-8B62-4DE9-AB67-B50883F13D69}.Debug|Any CPU.Build.0 = Debug|Any CPU
		{1770662B-8B62-4DE9-AB67-B50883F13D69}.Release|Any CPU.ActiveCfg = Release|Any CPU
		{1770662B-8B62-4DE9-AB67-B50883F13D69}.Release|Any CPU.Build.0 = Release|Any CPU
	EndGlobalSection
	GlobalSection(SolutionProperties) = preSolution
		HideSolutionNode = FALSE
	EndGlobalSection
	GlobalSection(NestedProjects) = preSolution
		{63E0EFAD-773B-4DA7-9FB7-B0120905769C} = {CDD29C0B-F3F0-4D9E-BBCC-4C022B3A2259}
		{B1DC7C0D-22FA-49D4-A066-F76C67B41C9E} = {CDD29C0B-F3F0-4D9E-BBCC-4C022B3A2259}
	EndGlobalSection
	GlobalSection(ExtensibilityGlobals) = postSolution
		SolutionGuid = {6E987D4E-BE7B-4D77-90AC-DEA2E1939453}
	EndGlobalSection
EndGlobal
